
Microsoft Visual Studio Solution File, Format Version 12.00
# Visual Studio Version 17
VisualStudioVersion = 17.6.33815.320
MinimumVisualStudioVersion = 10.0.40219.1
Project("{FAE04EC0-301F-11D3-BF4B-00C04F79EFBC}") = "NzWalks.API", "NzWalks.API\NzWalks.API.csproj", "{F02CA9A2-7E35-485D-ADF8-C10190F78085}"
EndProject
Global
	GlobalSection(SolutionConfigurationPlatforms) = preSolution
		Debug|Any CPU = Debug|Any CPU
		Release|Any CPU = Release|Any CPU
	EndGlobalSection
	GlobalSection(ProjectConfigurationPlatforms) = postSolution
		{F02CA9A2-7E35-485D-ADF8-C10190F78085}.Debug|Any CPU.ActiveCfg = Debug|Any CPU
		{F02CA9A2-7E35-485D-ADF8-C10190F78085}.Debug|Any CPU.Build.0 = Debug|Any CPU
		{F02CA9A2-7E35-485D-ADF8-C10190F78085}.Release|Any CPU.ActiveCfg = Release|Any CPU
		{F02CA9A2-7E35-485D-ADF8-C10190F78085}.Release|Any CPU.Build.0 = Release|Any CPU
	EndGlobalSection
	GlobalSection(SolutionProperties) = preSolution
		HideSolutionNode = FALSE
	EndGlobalSection
	GlobalSection(ExtensibilityGlobals) = postSolution
		SolutionGuid = {067200A4-EAA9-41F8-88D0-3BB7BDC60FD4}
	EndGlobalSection
EndGlobal
